// !$*UTF8*$!
{
	archiveVersion = 1;
	classes = {
	};
	objectVersion = 46;
	objects = {

/* Begin PBXBuildFile section */
		890E6FEA1D29FFBA004108FA /* cc_webview_back.png in Resources */ = {isa = PBXBuildFile; fileRef = 890E6FE81D29FFBA004108FA /* cc_webview_back.png */; };
		890E6FEB1D29FFBA004108FA /* cc_webview_forward.png in Resources */ = {isa = PBXBuildFile; fileRef = 890E6FE91D29FFBA004108FA /* cc_webview_forward.png */; };
		89147CD31D26066F0085D37E /* JavaScriptMethod.swift in Sources */ = {isa = PBXBuildFile; fileRef = 89147CD21D26066F0085D37E /* JavaScriptMethod.swift */; };
		89397E8D1D17A145002C439D /* AppDelegate.swift in Sources */ = {isa = PBXBuildFile; fileRef = 89397E8C1D17A145002C439D /* AppDelegate.swift */; };
		89397E8F1D17A145002C439D /* ViewController.swift in Sources */ = {isa = PBXBuildFile; fileRef = 89397E8E1D17A145002C439D /* ViewController.swift */; };
		89397E921D17A145002C439D /* Main.storyboard in Resources */ = {isa = PBXBuildFile; fileRef = 89397E901D17A145002C439D /* Main.storyboard */; };
		89397E941D17A145002C439D /* Assets.xcassets in Resources */ = {isa = PBXBuildFile; fileRef = 89397E931D17A145002C439D /* Assets.xcassets */; };
		89397E971D17A145002C439D /* LaunchScreen.storyboard in Resources */ = {isa = PBXBuildFile; fileRef = 89397E951D17A145002C439D /* LaunchScreen.storyboard */; };
		89397EA21D17A145002C439D /* ShellAppTests.swift in Sources */ = {isa = PBXBuildFile; fileRef = 89397EA11D17A145002C439D /* ShellAppTests.swift */; };
		89397EAD1D17A145002C439D /* ShellAppUITests.swift in Sources */ = {isa = PBXBuildFile; fileRef = 89397EAC1D17A145002C439D /* ShellAppUITests.swift */; };
		89397EBD1D18D551002C439D /* test.html in Resources */ = {isa = PBXBuildFile; fileRef = 89397EBC1D18D551002C439D /* test.html */; };
		89397EBF1D18D5EB002C439D /* JavaScriptCore.framework in Frameworks */ = {isa = PBXBuildFile; fileRef = 89397EBE1D18D5EB002C439D /* JavaScriptCore.framework */; };
		89F8AF6C1D338E0000FFCFF8 /* WebKit.framework in Frameworks */ = {isa = PBXBuildFile; fileRef = 89F8AF6B1D338E0000FFCFF8 /* WebKit.framework */; };
		89F8AF6E1D347C9100FFCFF8 /* WKWebViewController.swift in Sources */ = {isa = PBXBuildFile; fileRef = 89F8AF6D1D347C9100FFCFF8 /* WKWebViewController.swift */; };
/* End PBXBuildFile section */

/* Begin PBXContainerItemProxy section */
		89397E9E1D17A145002C439D /* PBXContainerItemProxy */ = {
			isa = PBXContainerItemProxy;
			containerPortal = 89397E811D17A145002C439D /* Project object */;
			proxyType = 1;
			remoteGlobalIDString = 89397E881D17A145002C439D;
			remoteInfo = ShellApp;
		};
		89397EA91D17A145002C439D /* PBXContainerItemProxy */ = {
			isa = PBXContainerItemProxy;
			containerPortal = 89397E811D17A145002C439D /* Project object */;
			proxyType = 1;
			remoteGlobalIDString = 89397E881D17A145002C439D;
			remoteInfo = ShellApp;
		};
/* End PBXContainerItemProxy section */

/* Begin PBXFileReference section */
		890E6FE81D29FFBA004108FA /* cc_webview_back.png */ = {isa = PBXFileReference; lastKnownFileType = image.png; name = cc_webview_back.png; path = res/cc_webview_back.png; sourceTree = "<group>"; };
		890E6FE91D29FFBA004108FA /* cc_webview_forward.png */ = {isa = PBXFileReference; lastKnownFileType = image.png; name = cc_webview_forward.png; path = res/cc_webview_forward.png; sourceTree = "<group>"; };
		890E6FED1D2A06B7004108FA /* ShellApp-Bridging-Header.h */ = {isa = PBXFileReference; lastKnownFileType = sourcecode.c.h; path = "ShellApp-Bridging-Header.h"; sourceTree = "<group>"; };
		89147CD21D26066F0085D37E /* JavaScriptMethod.swift */ = {isa = PBXFileReference; fileEncoding = 4; lastKnownFileType = sourcecode.swift; path = JavaScriptMethod.swift; sourceTree = "<group>"; };
		89397E891D17A145002C439D /* ShellApp.app */ = {isa = PBXFileReference; explicitFileType = wrapper.application; includeInIndex = 0; path = ShellApp.app; sourceTree = BUILT_PRODUCTS_DIR; };
		89397E8C1D17A145002C439D /* AppDelegate.swift */ = {isa = PBXFileReference; lastKnownFileType = sourcecode.swift; path = AppDelegate.swift; sourceTree = "<group>"; };
		89397E8E1D17A145002C439D /* ViewController.swift */ = {isa = PBXFileReference; lastKnownFileType = sourcecode.swift; path = ViewController.swift; sourceTree = "<group>"; };
		89397E911D17A145002C439D /* Base */ = {isa = PBXFileReference; lastKnownFileType = file.storyboard; name = Base; path = Base.lproj/Main.storyboard; sourceTree = "<group>"; };
		89397E931D17A145002C439D /* Assets.xcassets */ = {isa = PBXFileReference; lastKnownFileType = folder.assetcatalog; path = Assets.xcassets; sourceTree = "<group>"; };
		89397E961D17A145002C439D /* Base */ = {isa = PBXFileReference; lastKnownFileType = file.storyboard; name = Base; path = Base.lproj/LaunchScreen.storyboard; sourceTree = "<group>"; };
		89397E981D17A145002C439D /* Info.plist */ = {isa = PBXFileReference; lastKnownFileType = text.plist.xml; path = Info.plist; sourceTree = "<group>"; };
		89397E9D1D17A145002C439D /* ShellAppTests.xctest */ = {isa = PBXFileReference; explicitFileType = wrapper.cfbundle; includeInIndex = 0; path = ShellAppTests.xctest; sourceTree = BUILT_PRODUCTS_DIR; };
		89397EA11D17A145002C439D /* ShellAppTests.swift */ = {isa = PBXFileReference; lastKnownFileType = sourcecode.swift; path = ShellAppTests.swift; sourceTree = "<group>"; };
		89397EA31D17A145002C439D /* Info.plist */ = {isa = PBXFileReference; lastKnownFileType = text.plist.xml; path = Info.plist; sourceTree = "<group>"; };
		89397EA81D17A145002C439D /* ShellAppUITests.xctest */ = {isa = PBXFileReference; explicitFileType = wrapper.cfbundle; includeInIndex = 0; path = ShellAppUITests.xctest; sourceTree = BUILT_PRODUCTS_DIR; };
		89397EAC1D17A145002C439D /* ShellAppUITests.swift */ = {isa = PBXFileReference; lastKnownFileType = sourcecode.swift; path = ShellAppUITests.swift; sourceTree = "<group>"; };
		89397EAE1D17A146002C439D /* Info.plist */ = {isa = PBXFileReference; lastKnownFileType = text.plist.xml; path = Info.plist; sourceTree = "<group>"; };
		89397EBC1D18D551002C439D /* test.html */ = {isa = PBXFileReference; fileEncoding = 4; lastKnownFileType = text.html; path = test.html; sourceTree = "<group>"; };
		89397EBE1D18D5EB002C439D /* JavaScriptCore.framework */ = {isa = PBXFileReference; lastKnownFileType = wrapper.framework; name = JavaScriptCore.framework; path = System/Library/Frameworks/JavaScriptCore.framework; sourceTree = SDKROOT; };
		89F8AF6B1D338E0000FFCFF8 /* WebKit.framework */ = {isa = PBXFileReference; lastKnownFileType = wrapper.framework; name = WebKit.framework; path = System/Library/Frameworks/WebKit.framework; sourceTree = SDKROOT; };
		89F8AF6D1D347C9100FFCFF8 /* WKWebViewController.swift */ = {isa = PBXFileReference; fileEncoding = 4; lastKnownFileType = sourcecode.swift; path = WKWebViewController.swift; sourceTree = "<group>"; };
/* End PBXFileReference section */

/* Begin PBXFrameworksBuildPhase section */
		89397E861D17A145002C439D /* Frameworks */ = {
			isa = PBXFrameworksBuildPhase;
			buildActionMask = 2147483647;
			files = (
				89F8AF6C1D338E0000FFCFF8 /* WebKit.framework in Frameworks */,
				89397EBF1D18D5EB002C439D /* JavaScriptCore.framework in Frameworks */,
			);
			runOnlyForDeploymentPostprocessing = 0;
		};
		89397E9A1D17A145002C439D /* Frameworks */ = {
			isa = PBXFrameworksBuildPhase;
			buildActionMask = 2147483647;
			files = (
			);
			runOnlyForDeploymentPostprocessing = 0;
		};
		89397EA51D17A145002C439D /* Frameworks */ = {
			isa = PBXFrameworksBuildPhase;
			buildActionMask = 2147483647;
			files = (
			);
			runOnlyForDeploymentPostprocessing = 0;
		};
/* End PBXFrameworksBuildPhase section */

/* Begin PBXGroup section */
		3DF3C2B7A5AA5993677A1FE0 /* Frameworks */ = {
			isa = PBXGroup;
			children = (
				89F8AF6B1D338E0000FFCFF8 /* WebKit.framework */,
			);
			name = Frameworks;
			sourceTree = "<group>";
		};
		600775A3E603A33093E45D9F /* Pods */ = {
			isa = PBXGroup;
			children = (
			);
			name = Pods;
			sourceTree = "<group>";
		};
		890E6FEC1D29FFBE004108FA /* res */ = {
			isa = PBXGroup;
			children = (
				890E6FE81D29FFBA004108FA /* cc_webview_back.png */,
				890E6FE91D29FFBA004108FA /* cc_webview_forward.png */,
			);
			name = res;
			sourceTree = "<group>";
		};
		89397E801D17A145002C439D = {
			isa = PBXGroup;
			children = (
				89397EBE1D18D5EB002C439D /* JavaScriptCore.framework */,
				89397E8B1D17A145002C439D /* ShellApp */,
				89397EA01D17A145002C439D /* ShellAppTests */,
				89397EAB1D17A145002C439D /* ShellAppUITests */,
				89397E8A1D17A145002C439D /* Products */,
				600775A3E603A33093E45D9F /* Pods */,
				3DF3C2B7A5AA5993677A1FE0 /* Frameworks */,
			);
			sourceTree = "<group>";
		};
		89397E8A1D17A145002C439D /* Products */ = {
			isa = PBXGroup;
			children = (
				89397E891D17A145002C439D /* ShellApp.app */,
				89397E9D1D17A145002C439D /* ShellAppTests.xctest */,
				89397EA81D17A145002C439D /* ShellAppUITests.xctest */,
			);
			name = Products;
			sourceTree = "<group>";
		};
		89397E8B1D17A145002C439D /* ShellApp */ = {
			isa = PBXGroup;
			children = (
				890E6FEC1D29FFBE004108FA /* res */,
				89397EBC1D18D551002C439D /* test.html */,
				89397E8C1D17A145002C439D /* AppDelegate.swift */,
				89397E8E1D17A145002C439D /* ViewController.swift */,
				89F8AF6D1D347C9100FFCFF8 /* WKWebViewController.swift */,
				89147CD21D26066F0085D37E /* JavaScriptMethod.swift */,
				89397E901D17A145002C439D /* Main.storyboard */,
				89397E931D17A145002C439D /* Assets.xcassets */,
				89397E951D17A145002C439D /* LaunchScreen.storyboard */,
				89397E981D17A145002C439D /* Info.plist */,
				890E6FED1D2A06B7004108FA /* ShellApp-Bridging-Header.h */,
			);
			path = ShellApp;
			sourceTree = "<group>";
		};
		89397EA01D17A145002C439D /* ShellAppTests */ = {
			isa = PBXGroup;
			children = (
				89397EA11D17A145002C439D /* ShellAppTests.swift */,
				89397EA31D17A145002C439D /* Info.plist */,
			);
			path = ShellAppTests;
			sourceTree = "<group>";
		};
		89397EAB1D17A145002C439D /* ShellAppUITests */ = {
			isa = PBXGroup;
			children = (
				89397EAC1D17A145002C439D /* ShellAppUITests.swift */,
				89397EAE1D17A146002C439D /* Info.plist */,
			);
			path = ShellAppUITests;
			sourceTree = "<group>";
		};
/* End PBXGroup section */

/* Begin PBXNativeTarget section */
		89397E881D17A145002C439D /* ShellApp */ = {
			isa = PBXNativeTarget;
			buildConfigurationList = 89397EB11D17A146002C439D /* Build configuration list for PBXNativeTarget "ShellApp" */;
			buildPhases = (
				89397E851D17A145002C439D /* Sources */,
				89397E861D17A145002C439D /* Frameworks */,
				89397E871D17A145002C439D /* Resources */,
			);
			buildRules = (
			);
			dependencies = (
			);
			name = ShellApp;
			productName = ShellApp;
			productReference = 89397E891D17A145002C439D /* ShellApp.app */;
			productType = "com.apple.product-type.application";
		};
		89397E9C1D17A145002C439D /* ShellAppTests */ = {
			isa = PBXNativeTarget;
			buildConfigurationList = 89397EB41D17A146002C439D /* Build configuration list for PBXNativeTarget "ShellAppTests" */;
			buildPhases = (
				A53D3DC5E964E85D4C3B722C /* 📦 Check Pods Manifest.lock */,
				89397E991D17A145002C439D /* Sources */,
				89397E9A1D17A145002C439D /* Frameworks */,
				89397E9B1D17A145002C439D /* Resources */,
				1A27E0C21B2C20A674A2AB1E /* 📦 Embed Pods Frameworks */,
				BFD0CD601BE33BCBEFD196B6 /* 📦 Copy Pods Resources */,
			);
			buildRules = (
			);
			dependencies = (
				89397E9F1D17A145002C439D /* PBXTargetDependency */,
			);
			name = ShellAppTests;
			productName = ShellAppTests;
			productReference = 89397E9D1D17A145002C439D /* ShellAppTests.xctest */;
			productType = "com.apple.product-type.bundle.unit-test";
		};
		89397EA71D17A145002C439D /* ShellAppUITests */ = {
			isa = PBXNativeTarget;
			buildConfigurationList = 89397EB71D17A146002C439D /* Build configuration list for PBXNativeTarget "ShellAppUITests" */;
			buildPhases = (
				B3C8DC87866A5AD90F5C8914 /* 📦 Check Pods Manifest.lock */,
				89397EA41D17A145002C439D /* Sources */,
				89397EA51D17A145002C439D /* Frameworks */,
				89397EA61D17A145002C439D /* Resources */,
				CDBC3C9DE30A19F6C9B4AD5F /* 📦 Copy Pods Resources */,
			);
			buildRules = (
			);
			dependencies = (
				89397EAA1D17A145002C439D /* PBXTargetDependency */,
			);
			name = ShellAppUITests;
			productName = ShellAppUITests;
			productReference = 89397EA81D17A145002C439D /* ShellAppUITests.xctest */;
			productType = "com.apple.product-type.bundle.ui-testing";
		};
/* End PBXNativeTarget section */

/* Begin PBXProject section */
		89397E811D17A145002C439D /* Project object */ = {
			isa = PBXProject;
			attributes = {
				LastSwiftUpdateCheck = 0730;
				LastUpgradeCheck = 0730;
				ORGANIZATIONNAME = Monaco1;
				TargetAttributes = {
					89397E881D17A145002C439D = {
						CreatedOnToolsVersion = 7.3.1;
					};
					89397E9C1D17A145002C439D = {
						CreatedOnToolsVersion = 7.3.1;
						TestTargetID = 89397E881D17A145002C439D;
					};
					89397EA71D17A145002C439D = {
						CreatedOnToolsVersion = 7.3.1;
						TestTargetID = 89397E881D17A145002C439D;
					};
				};
			};
			buildConfigurationList = 89397E841D17A145002C439D /* Build configuration list for PBXProject "ShellApp" */;
			compatibilityVersion = "Xcode 3.2";
			developmentRegion = English;
			hasScannedForEncodings = 0;
			knownRegions = (
				en,
				Base,
			);
			mainGroup = 89397E801D17A145002C439D;
			productRefGroup = 89397E8A1D17A145002C439D /* Products */;
			projectDirPath = "";
			projectRoot = "";
			targets = (
				89397E881D17A145002C439D /* ShellApp */,
				89397E9C1D17A145002C439D /* ShellAppTests */,
				89397EA71D17A145002C439D /* ShellAppUITests */,
			);
		};
/* End PBXProject section */

/* Begin PBXResourcesBuildPhase section */
		89397E871D17A145002C439D /* Resources */ = {
			isa = PBXResourcesBuildPhase;
			buildActionMask = 2147483647;
			files = (
				89397E971D17A145002C439D /* LaunchScreen.storyboard in Resources */,
				89397E941D17A145002C439D /* Assets.xcassets in Resources */,
				89397EBD1D18D551002C439D /* test.html in Resources */,
				890E6FEB1D29FFBA004108FA /* cc_webview_forward.png in Resources */,
				890E6FEA1D29FFBA004108FA /* cc_webview_back.png in Resources */,
				89397E921D17A145002C439D /* Main.storyboard in Resources */,
			);
			runOnlyForDeploymentPostprocessing = 0;
		};
		89397E9B1D17A145002C439D /* Resources */ = {
			isa = PBXResourcesBuildPhase;
			buildActionMask = 2147483647;
			files = (
			);
			runOnlyForDeploymentPostprocessing = 0;
		};
		89397EA61D17A145002C439D /* Resources */ = {
			isa = PBXResourcesBuildPhase;
			buildActionMask = 2147483647;
			files = (
			);
			runOnlyForDeploymentPostprocessing = 0;
		};
/* End PBXResourcesBuildPhase section */

/* Begin PBXShellScriptBuildPhase section */
		1A27E0C21B2C20A674A2AB1E /* 📦 Embed Pods Frameworks */ = {
			isa = PBXShellScriptBuildPhase;
			buildActionMask = 2147483647;
			files = (
			);
			inputPaths = (
			);
			name = "📦 Embed Pods Frameworks";
			outputPaths = (
			);
			runOnlyForDeploymentPostprocessing = 0;
			shellPath = /bin/sh;
			shellScript = "\"${SRCROOT}/Pods/Target Support Files/Pods-ShellAppTests/Pods-ShellAppTests-frameworks.sh\"\n";
			showEnvVarsInLog = 0;
		};
		A53D3DC5E964E85D4C3B722C /* 📦 Check Pods Manifest.lock */ = {
			isa = PBXShellScriptBuildPhase;
			buildActionMask = 2147483647;
			files = (
			);
			inputPaths = (
			);
			name = "📦 Check Pods Manifest.lock";
			outputPaths = (
			);
			runOnlyForDeploymentPostprocessing = 0;
			shellPath = /bin/sh;
			shellScript = "diff \"${PODS_ROOT}/../Podfile.lock\" \"${PODS_ROOT}/Manifest.lock\" > /dev/null\nif [[ $? != 0 ]] ; then\n    cat << EOM\nerror: The sandbox is not in sync with the Podfile.lock. Run 'pod install' or update your CocoaPods installation.\nEOM\n    exit 1\nfi\n";
			showEnvVarsInLog = 0;
		};
		B3C8DC87866A5AD90F5C8914 /* 📦 Check Pods Manifest.lock */ = {
			isa = PBXShellScriptBuildPhase;
			buildActionMask = 2147483647;
			files = (
			);
			inputPaths = (
			);
			name = "📦 Check Pods Manifest.lock";
			outputPaths = (
			);
			runOnlyForDeploymentPostprocessing = 0;
			shellPath = /bin/sh;
			shellScript = "diff \"${PODS_ROOT}/../Podfile.lock\" \"${PODS_ROOT}/Manifest.lock\" > /dev/null\nif [[ $? != 0 ]] ; then\n    cat << EOM\nerror: The sandbox is not in sync with the Podfile.lock. Run 'pod install' or update your CocoaPods installation.\nEOM\n    exit 1\nfi\n";
			showEnvVarsInLog = 0;
		};
		BFD0CD601BE33BCBEFD196B6 /* 📦 Copy Pods Resources */ = {
			isa = PBXShellScriptBuildPhase;
			buildActionMask = 2147483647;
			files = (
			);
			inputPaths = (
			);
			name = "📦 Copy Pods Resources";
			outputPaths = (
			);
			runOnlyForDeploymentPostprocessing = 0;
			shellPath = /bin/sh;
			shellScript = "\"${SRCROOT}/Pods/Target Support Files/Pods-ShellAppTests/Pods-ShellAppTests-resources.sh\"\n";
			showEnvVarsInLog = 0;
		};
		CDBC3C9DE30A19F6C9B4AD5F /* 📦 Copy Pods Resources */ = {
			isa = PBXShellScriptBuildPhase;
			buildActionMask = 2147483647;
			files = (
			);
			inputPaths = (
			);
			name = "📦 Copy Pods Resources";
			outputPaths = (
			);
			runOnlyForDeploymentPostprocessing = 0;
			shellPath = /bin/sh;
			shellScript = "\"${SRCROOT}/Pods/Target Support Files/Pods-ShellAppUITests/Pods-ShellAppUITests-resources.sh\"\n";
			showEnvVarsInLog = 0;
		};
/* End PBXShellScriptBuildPhase section */

/* Begin PBXSourcesBuildPhase section */
		89397E851D17A145002C439D /* Sources */ = {
			isa = PBXSourcesBuildPhase;
			buildActionMask = 2147483647;
			files = (
				89147CD31D26066F0085D37E /* JavaScriptMethod.swift in Sources */,
				89397E8F1D17A145002C439D /* ViewController.swift in Sources */,
				89397E8D1D17A145002C439D /* AppDelegate.swift in Sources */,
				89F8AF6E1D347C9100FFCFF8 /* WKWebViewController.swift in Sources */,
			);
			runOnlyForDeploymentPostprocessing = 0;
		};
		89397E991D17A145002C439D /* Sources */ = {
			isa = PBXSourcesBuildPhase;
			buildActionMask = 2147483647;
			files = (
				89397EA21D17A145002C439D /* ShellAppTests.swift in Sources */,
			);
			runOnlyForDeploymentPostprocessing = 0;
		};
		89397EA41D17A145002C439D /* Sources */ = {
			isa = PBXSourcesBuildPhase;
			buildActionMask = 2147483647;
			files = (
				89397EAD1D17A145002C439D /* ShellAppUITests.swift in Sources */,
			);
			runOnlyForDeploymentPostprocessing = 0;
		};
/* End PBXSourcesBuildPhase section */

/* Begin PBXTargetDependency section */
		89397E9F1D17A145002C439D /* PBXTargetDependency */ = {
			isa = PBXTargetDependency;
			target = 89397E881D17A145002C439D /* ShellApp */;
			targetProxy = 89397E9E1D17A145002C439D /* PBXContainerItemProxy */;
		};
		89397EAA1D17A145002C439D /* PBXTargetDependency */ = {
			isa = PBXTargetDependency;
			target = 89397E881D17A145002C439D /* ShellApp */;
			targetProxy = 89397EA91D17A145002C439D /* PBXContainerItemProxy */;
		};
/* End PBXTargetDependency section */

/* Begin PBXVariantGroup section */
		89397E901D17A145002C439D /* Main.storyboard */ = {
			isa = PBXVariantGroup;
			children = (
				89397E911D17A145002C439D /* Base */,
			);
			name = Main.storyboard;
			sourceTree = "<group>";
		};
		89397E951D17A145002C439D /* LaunchScreen.storyboard */ = {
			isa = PBXVariantGroup;
			children = (
				89397E961D17A145002C439D /* Base */,
			);
			name = LaunchScreen.storyboard;
			sourceTree = "<group>";
		};
/* End PBXVariantGroup section */

/* Begin XCBuildConfiguration section */
		89397EAF1D17A146002C439D /* Debug */ = {
			isa = XCBuildConfiguration;
			buildSettings = {
				ALWAYS_SEARCH_USER_PATHS = NO;
				CLANG_ANALYZER_NONNULL = YES;
				CLANG_CXX_LANGUAGE_STANDARD = "gnu++0x";
				CLANG_CXX_LIBRARY = "libc++";
				CLANG_ENABLE_MODULES = YES;
				CLANG_ENABLE_OBJC_ARC = YES;
				CLANG_WARN_BOOL_CONVERSION = YES;
				CLANG_WARN_CONSTANT_CONVERSION = YES;
				CLANG_WARN_DIRECT_OBJC_ISA_USAGE = YES_ERROR;
				CLANG_WARN_EMPTY_BODY = YES;
				CLANG_WARN_ENUM_CONVERSION = YES;
				CLANG_WARN_INT_CONVERSION = YES;
				CLANG_WARN_OBJC_ROOT_CLASS = YES_ERROR;
				CLANG_WARN_UNREACHABLE_CODE = YES;
				CLANG_WARN__DUPLICATE_METHOD_MATCH = YES;
				"CODE_SIGN_IDENTITY[sdk=iphoneos*]" = "iPhone Developer";
				COPY_PHASE_STRIP = NO;
				DEBUG_INFORMATION_FORMAT = dwarf;
				ENABLE_STRICT_OBJC_MSGSEND = YES;
				ENABLE_TESTABILITY = YES;
				GCC_C_LANGUAGE_STANDARD = gnu99;
				GCC_DYNAMIC_NO_PIC = NO;
				GCC_NO_COMMON_BLOCKS = YES;
				GCC_OPTIMIZATION_LEVEL = 0;
				GCC_PREPROCESSOR_DEFINITIONS = (
					"DEBUG=1",
					"$(inherited)",
				);
				GCC_WARN_64_TO_32_BIT_CONVERSION = YES;
				GCC_WARN_ABOUT_RETURN_TYPE = YES_ERROR;
				GCC_WARN_UNDECLARED_SELECTOR = YES;
				GCC_WARN_UNINITIALIZED_AUTOS = YES_AGGRESSIVE;
				GCC_WARN_UNUSED_FUNCTION = YES;
				GCC_WARN_UNUSED_VARIABLE = YES;
				IPHONEOS_DEPLOYMENT_TARGET = 9.3;
				MTL_ENABLE_DEBUG_INFO = YES;
				ONLY_ACTIVE_ARCH = YES;
				SDKROOT = iphoneos;
				SWIFT_OPTIMIZATION_LEVEL = "-Onone";
				TARGETED_DEVICE_FAMILY = "1,2";
			};
			name = Debug;
		};
		89397EB01D17A146002C439D /* Release */ = {
			isa = XCBuildConfiguration;
			buildSettings = {
				ALWAYS_SEARCH_USER_PATHS = NO;
				CLANG_ANALYZER_NONNULL = YES;
				CLANG_CXX_LANGUAGE_STANDARD = "gnu++0x";
				CLANG_CXX_LIBRARY = "libc++";
				CLANG_ENABLE_MODULES = YES;
				CLANG_ENABLE_OBJC_ARC = YES;
				CLANG_WARN_BOOL_CONVERSION = YES;
				CLANG_WARN_CONSTANT_CONVERSION = YES;
				CLANG_WARN_DIRECT_OBJC_ISA_USAGE = YES_ERROR;
				CLANG_WARN_EMPTY_BODY = YES;
				CLANG_WARN_ENUM_CONVERSION = YES;
				CLANG_WARN_INT_CONVERSION = YES;
				CLANG_WARN_OBJC_ROOT_CLASS = YES_ERROR;
				CLANG_WARN_UNREACHABLE_CODE = YES;
				CLANG_WARN__DUPLICATE_METHOD_MATCH = YES;
				"CODE_SIGN_IDENTITY[sdk=iphoneos*]" = "iPhone Developer";
				COPY_PHASE_STRIP = NO;
				DEBUG_INFORMATION_FORMAT = "dwarf-with-dsym";
				ENABLE_NS_ASSERTIONS = NO;
				ENABLE_STRICT_OBJC_MSGSEND = YES;
				GCC_C_LANGUAGE_STANDARD = gnu99;
				GCC_NO_COMMON_BLOCKS = YES;
				GCC_WARN_64_TO_32_BIT_CONVERSION = YES;
				GCC_WARN_ABOUT_RETURN_TYPE = YES_ERROR;
				GCC_WARN_UNDECLARED_SELECTOR = YES;
				GCC_WARN_UNINITIALIZED_AUTOS = YES_AGGRESSIVE;
				GCC_WARN_UNUSED_FUNCTION = YES;
				GCC_WARN_UNUSED_VARIABLE = YES;
				IPHONEOS_DEPLOYMENT_TARGET = 9.3;
				MTL_ENABLE_DEBUG_INFO = NO;
				SDKROOT = iphoneos;
				TARGETED_DEVICE_FAMILY = "1,2";
				VALIDATE_PRODUCT = YES;
			};
			name = Release;
		};
		89397EB21D17A146002C439D /* Debug */ = {
			isa = XCBuildConfiguration;
			buildSettings = {
				ASSETCATALOG_COMPILER_APPICON_NAME = AppIcon;
				CLANG_ENABLE_MODULES = YES;
				INFOPLIST_FILE = ShellApp/Info.plist;
				LD_RUNPATH_SEARCH_PATHS = "$(inherited) @executable_path/Frameworks";
				PRODUCT_BUNDLE_IDENTIFIER = com.mocano1.ShellApp;
				PRODUCT_NAME = "$(TARGET_NAME)";
				SWIFT_OBJC_BRIDGING_HEADER = "ShellApp/ShellApp-Bridging-Header.h";
				SWIFT_OPTIMIZATION_LEVEL = "-Onone";
			};
			name = Debug;
		};
		89397EB31D17A146002C439D /* Release */ = {
			isa = XCBuildConfiguration;
			buildSettings = {
				ASSETCATALOG_COMPILER_APPICON_NAME = AppIcon;
				CLANG_ENABLE_MODULES = YES;
				INFOPLIST_FILE = ShellApp/Info.plist;
				LD_RUNPATH_SEARCH_PATHS = "$(inherited) @executable_path/Frameworks";
				PRODUCT_BUNDLE_IDENTIFIER = com.mocano1.ShellApp;
				PRODUCT_NAME = "$(TARGET_NAME)";
				SWIFT_OBJC_BRIDGING_HEADER = "ShellApp/ShellApp-Bridging-Header.h";
			};
			name = Release;
		};
		89397EB51D17A146002C439D /* Debug */ = {
			isa = XCBuildConfiguration;
			buildSettings = {
				BUNDLE_LOADER = "$(TEST_HOST)";
				INFOPLIST_FILE = ShellAppTests/Info.plist;
				LD_RUNPATH_SEARCH_PATHS = "$(inherited) @executable_path/Frameworks @loader_path/Frameworks";
				PRODUCT_BUNDLE_IDENTIFIER = com.mocano1.ShellAppTests;
				PRODUCT_NAME = "$(TARGET_NAME)";
				TEST_HOST = "$(BUILT_PRODUCTS_DIR)/ShellApp.app/ShellApp";
			};
			name = Debug;
		};
		89397EB61D17A146002C439D /* Release */ = {
			isa = XCBuildConfiguration;
			buildSettings = {
				BUNDLE_LOADER = "$(TEST_HOST)";
				INFOPLIST_FILE = ShellAppTests/Info.plist;
				LD_RUNPATH_SEARCH_PATHS = "$(inherited) @executable_path/Frameworks @loader_path/Frameworks";
				PRODUCT_BUNDLE_IDENTIFIER = com.mocano1.ShellAppTests;
				PRODUCT_NAME = "$(TARGET_NAME)";
				TEST_HOST = "$(BUILT_PRODUCTS_DIR)/ShellApp.app/ShellApp";
			};
			name = Release;
		};
		89397EB81D17A146002C439D /* Debug */ = {
			isa = XCBuildConfiguration;
			buildSettings = {
				INFOPLIST_FILE = ShellAppUITests/Info.plist;
				LD_RUNPATH_SEARCH_PATHS = "$(inherited) @executable_path/Frameworks @loader_path/Frameworks";
				PRODUCT_BUNDLE_IDENTIFIER = com.mocano1.ShellAppUITests;
				PRODUCT_NAME = "$(TARGET_NAME)";
				TEST_TARGET_NAME = ShellApp;
			};
			name = Debug;
		};
		89397EB91D17A146002C439D /* Release */ = {
			isa = XCBuildConfiguration;
			buildSettings = {
				INFOPLIST_FILE = ShellAppUITests/Info.plist;
				LD_RUNPATH_SEARCH_PATHS = "$(inherited) @executable_path/Frameworks @loader_path/Frameworks";
				PRODUCT_BUNDLE_IDENTIFIER = com.mocano1.ShellAppUITests;
				PRODUCT_NAME = "$(TARGET_NAME)";
				TEST_TARGET_NAME = ShellApp;
			};
			name = Release;
		};
/* End XCBuildConfiguration section */

/* Begin XCConfigurationList section */
		89397E841D17A145002C439D /* Build configuration list for PBXProject "ShellApp" */ = {
			isa = XCConfigurationList;
			buildConfigurations = (
				89397EAF1D17A146002C439D /* Debug */,
				89397EB01D17A146002C439D /* Release */,
			);
			defaultConfigurationIsVisible = 0;
			defaultConfigurationName = Release;
		};
		89397EB11D17A146002C439D /* Build configuration list for PBXNativeTarget "ShellApp" */ = {
			isa = XCConfigurationList;
			buildConfigurations = (
				89397EB21D17A146002C439D /* Debug */,
				89397EB31D17A146002C439D /* Release */,
			);
			defaultConfigurationIsVisible = 0;
			defaultConfigurationName = Release;
		};
		89397EB41D17A146002C439D /* Build configuration list for PBXNativeTarget "ShellAppTests" */ = {
			isa = XCConfigurationList;
			buildConfigurations = (
				89397EB51D17A146002C439D /* Debug */,
				89397EB61D17A146002C439D /* Release */,
			);
			defaultConfigurationIsVisible = 0;
			defaultConfigurationName = Release;
		};
		89397EB71D17A146002C439D /* Build configuration list for PBXNativeTarget "ShellAppUITests" */ = {
			isa = XCConfigurationList;
			buildConfigurations = (
				89397EB81D17A146002C439D /* Debug */,
				89397EB91D17A146002C439D /* Release */,
			);
			defaultConfigurationIsVisible = 0;
			defaultConfigurationName = Release;
		};
/* End XCConfigurationList section */
	};
	rootObject = 89397E811D17A145002C439D /* Project object */;
}
